{
  "name": "@src/core",
  "version": "0.0.1",
  "lockfileVersion": 1,
  "requires": true,
  "dependencies": {
    "@types/prop-types": {
      "version": "15.7.1",
      "resolved": "https://registry.npmjs.org/@types/prop-types/-/prop-types-15.7.1.tgz",
      "integrity": "sha512-CFzn9idOEpHrgdw8JsoTkaDDyRWk1jrzIV8djzcgpq0y9tG4B4lFT+Nxh52DVpDXV+n4+NPNv7M1Dj5uMp6XFg==",
      "dev": true
    },
    "@types/react": {
      "version": "16.9.2",
      "resolved": "https://registry.npmjs.org/@types/react/-/react-16.9.2.tgz",
      "integrity": "sha512-jYP2LWwlh+FTqGd9v7ynUKZzjj98T8x7Yclz479QdRhHfuW9yQ+0jjnD31eXSXutmBpppj5PYNLYLRfnZJvcfg==",
      "dev": true,
      "requires": {
        "@types/prop-types": "*",
        "csstype": "^2.2.0"
      }
    },
    "@types/react-native": {
      "version": "0.60.8",
      "resolved": "https://registry.npmjs.org/@types/react-native/-/react-native-0.60.8.tgz",
      "integrity": "sha512-bk13deCDm/DiNFdrF8Y5je++G9NPaCT/VxkSBY1Rcxu3rWZQIQal9uIH0Qc0Vi9sRX9us32EPevYylbscH3wEg==",
      "dev": true,
      "requires": {
        "@types/prop-types": "*",
        "@types/react": "*"
      }
    },
    "@types/react-native-loading-spinner-overlay": {
      "version": "0.5.1",
      "resolved": "https://registry.npmjs.org/@types/react-native-loading-spinner-overlay/-/react-native-loading-spinner-overlay-0.5.1.tgz",
      "integrity": "sha512-j4RrzyQahMVRq24lT8vcp7/Ifg3463n/jpdisFHaEfoRU4hrfNkZhRnd4TRKGilrcqQQUvfoNgOFlJGOOP8TRg==",
      "dev": true,
      "requires": {
        "@types/react": "*",
        "@types/react-native": "*"
      }
    },
    "csstype": {
      "version": "2.6.6",
      "resolved": "https://registry.npmjs.org/csstype/-/csstype-2.6.6.tgz",
      "integrity": "sha512-RpFbQGUE74iyPgvr46U9t1xoQBM8T4BL8SxrN66Le2xYAPSaDJJKeztV3awugusb3g3G9iL8StmkBBXhcbbXhg==",
      "dev": true
    }
  }
}
